// !$*UTF8*$!
{
	archiveVersion = 1;
	classes = {
	};
	objectVersion = 55;
	objects = {

/* Begin PBXBuildFile section */
		CB139D6B277291CB000FD249 /* NnttawyeApp.swift in Sources */ = {isa = PBXBuildFile; fileRef = CB139D6A277291CB000FD249 /* NnttawyeApp.swift */; };
		CB139D6F277291CB000FD249 /* Assets.xcassets in Resources */ = {isa = PBXBuildFile; fileRef = CB139D6E277291CB000FD249 /* Assets.xcassets */; };
		CB139D72277291CB000FD249 /* Preview Assets.xcassets in Resources */ = {isa = PBXBuildFile; fileRef = CB139D71277291CB000FD249 /* Preview Assets.xcassets */; };
		CB139D74277291CB000FD249 /* Persistence.swift in Sources */ = {isa = PBXBuildFile; fileRef = CB139D73277291CB000FD249 /* Persistence.swift */; };
		CB139D77277291CB000FD249 /* Nnttawye.xcdatamodeld in Sources */ = {isa = PBXBuildFile; fileRef = CB139D75277291CB000FD249 /* Nnttawye.xcdatamodeld */; };
		CB139D7E2772923D000FD249 /* ScannerView.swift in Sources */ = {isa = PBXBuildFile; fileRef = CB139D7D2772923D000FD249 /* ScannerView.swift */; };
		CB139D812773AA38000FD249 /* Model.swift in Sources */ = {isa = PBXBuildFile; fileRef = CB139D802773AA38000FD249 /* Model.swift */; };
		CB139D9627762F9F000FD249 /* Food+CoreDataClass.swift in Sources */ = {isa = PBXBuildFile; fileRef = CB139D9227762F9F000FD249 /* Food+CoreDataClass.swift */; };
		CB139D9727762F9F000FD249 /* Food+CoreDataProperties.swift in Sources */ = {isa = PBXBuildFile; fileRef = CB139D9327762F9F000FD249 /* Food+CoreDataProperties.swift */; };
		CB139D9827762F9F000FD249 /* Restaurant+CoreDataClass.swift in Sources */ = {isa = PBXBuildFile; fileRef = CB139D9427762F9F000FD249 /* Restaurant+CoreDataClass.swift */; };
		CB139D9927762F9F000FD249 /* Restaurant+CoreDataProperties.swift in Sources */ = {isa = PBXBuildFile; fileRef = CB139D9527762F9F000FD249 /* Restaurant+CoreDataProperties.swift */; };
		CB139D9A27765B0E000FD249 /* ContentView.swift in Sources */ = {isa = PBXBuildFile; fileRef = CB139D6C277291CB000FD249 /* ContentView.swift */; };
		CB785D33278DF81000805482 /* Utils.swift in Sources */ = {isa = PBXBuildFile; fileRef = CB785D32278DF81000805482 /* Utils.swift */; };
/* End PBXBuildFile section */

/* Begin PBXFileReference section */
		CB139D67277291CB000FD249 /* Nnttawye.app */ = {isa = PBXFileReference; explicitFileType = wrapper.application; includeInIndex = 0; path = Nnttawye.app; sourceTree = BUILT_PRODUCTS_DIR; };
		CB139D6A277291CB000FD249 /* NnttawyeApp.swift */ = {isa = PBXFileReference; lastKnownFileType = sourcecode.swift; path = NnttawyeApp.swift; sourceTree = "<group>"; };
		CB139D6C277291CB000FD249 /* ContentView.swift */ = {isa = PBXFileReference; lastKnownFileType = sourcecode.swift; path = ContentView.swift; sourceTree = "<group>"; usesTabs = 0; };
		CB139D6E277291CB000FD249 /* Assets.xcassets */ = {isa = PBXFileReference; lastKnownFileType = folder.assetcatalog; path = Assets.xcassets; sourceTree = "<group>"; };
		CB139D71277291CB000FD249 /* Preview Assets.xcassets */ = {isa = PBXFileReference; lastKnownFileType = folder.assetcatalog; path = "Preview Assets.xcassets"; sourceTree = "<group>"; };
		CB139D73277291CB000FD249 /* Persistence.swift */ = {isa = PBXFileReference; lastKnownFileType = sourcecode.swift; path = Persistence.swift; sourceTree = "<group>"; };
		CB139D76277291CB000FD249 /* Nnttawye.xcdatamodel */ = {isa = PBXFileReference; lastKnownFileType = wrapper.xcdatamodel; path = Nnttawye.xcdatamodel; sourceTree = "<group>"; };
		CB139D7D2772923D000FD249 /* ScannerView.swift */ = {isa = PBXFileReference; lastKnownFileType = sourcecode.swift; path = ScannerView.swift; sourceTree = "<group>"; };
		CB139D7F2773A705000FD249 /* Info.plist */ = {isa = PBXFileReference; lastKnownFileType = text.plist; path = Info.plist; sourceTree = "<group>"; };
		CB139D802773AA38000FD249 /* Model.swift */ = {isa = PBXFileReference; lastKnownFileType = sourcecode.swift; path = Model.swift; sourceTree = "<group>"; };
		CB139D9227762F9F000FD249 /* Food+CoreDataClass.swift */ = {isa = PBXFileReference; lastKnownFileType = sourcecode.swift; path = "Food+CoreDataClass.swift"; sourceTree = "<group>"; };
		CB139D9327762F9F000FD249 /* Food+CoreDataProperties.swift */ = {isa = PBXFileReference; lastKnownFileType = sourcecode.swift; path = "Food+CoreDataProperties.swift"; sourceTree = "<group>"; };
		CB139D9427762F9F000FD249 /* Restaurant+CoreDataClass.swift */ = {isa = PBXFileReference; lastKnownFileType = sourcecode.swift; path = "Restaurant+CoreDataClass.swift"; sourceTree = "<group>"; };
		CB139D9527762F9F000FD249 /* Restaurant+CoreDataProperties.swift */ = {isa = PBXFileReference; lastKnownFileType = sourcecode.swift; path = "Restaurant+CoreDataProperties.swift"; sourceTree = "<group>"; };
		CB785D32278DF81000805482 /* Utils.swift */ = {isa = PBXFileReference; lastKnownFileType = sourcecode.swift; path = Utils.swift; sourceTree = "<group>"; };
/* End PBXFileReference section */

/* Begin PBXFrameworksBuildPhase section */
		CB139D64277291CA000FD249 /* Frameworks */ = {
			isa = PBXFrameworksBuildPhase;
			buildActionMask = 2147483647;
			files = (
			);
			runOnlyForDeploymentPostprocessing = 0;
		};
/* End PBXFrameworksBuildPhase section */

/* Begin PBXGroup section */
		CB139D5E277291CA000FD249 = {
			isa = PBXGroup;
			children = (
				CB139D69277291CB000FD249 /* Nnttawye */,
				CB139D68277291CB000FD249 /* Products */,
			);
			sourceTree = "<group>";
		};
		CB139D68277291CB000FD249 /* Products */ = {
			isa = PBXGroup;
			children = (
				CB139D67277291CB000FD249 /* Nnttawye.app */,
			);
			name = Products;
			sourceTree = "<group>";
		};
		CB139D69277291CB000FD249 /* Nnttawye */ = {
			isa = PBXGroup;
			children = (
				CB5491642798B44000B36899 /* Views */,
				CB785D34278E015000805482 /* Persistence */,
				CB139D6A277291CB000FD249 /* NnttawyeApp.swift */,
				CB139D6C277291CB000FD249 /* ContentView.swift */,
				CB139D802773AA38000FD249 /* Model.swift */,
				CB785D32278DF81000805482 /* Utils.swift */,
				CB139D6E277291CB000FD249 /* Assets.xcassets */,
				CB139D7F2773A705000FD249 /* Info.plist */,
				CB139D70277291CB000FD249 /* Preview Content */,
			);
			path = Nnttawye;
			sourceTree = "<group>";
		};
		CB139D70277291CB000FD249 /* Preview Content */ = {
			isa = PBXGroup;
			children = (
				CB139D71277291CB000FD249 /* Preview Assets.xcassets */,
			);
			path = "Preview Content";
			sourceTree = "<group>";
		};
		CB5491642798B44000B36899 /* Views */ = {
			isa = PBXGroup;
			children = (
				CB139D7D2772923D000FD249 /* ScannerView.swift */,
			);
			path = Views;
			sourceTree = "<group>";
		};
		CB785D34278E015000805482 /* Persistence */ = {
			isa = PBXGroup;
			children = (
				CB139D9227762F9F000FD249 /* Food+CoreDataClass.swift */,
				CB139D9327762F9F000FD249 /* Food+CoreDataProperties.swift */,
				CB139D9427762F9F000FD249 /* Restaurant+CoreDataClass.swift */,
				CB139D9527762F9F000FD249 /* Restaurant+CoreDataProperties.swift */,
				CB139D73277291CB000FD249 /* Persistence.swift */,
				CB139D75277291CB000FD249 /* Nnttawye.xcdatamodeld */,
			);
			path = Persistence;
			sourceTree = "<group>";
		};
/* End PBXGroup section */

/* Begin PBXNativeTarget section */
		CB139D66277291CA000FD249 /* Nnttawye */ = {
			isa = PBXNativeTarget;
			buildConfigurationList = CB139D7A277291CB000FD249 /* Build configuration list for PBXNativeTarget "Nnttawye" */;
			buildPhases = (
				CB139D63277291CA000FD249 /* Sources */,
				CB139D64277291CA000FD249 /* Frameworks */,
				CB139D65277291CA000FD249 /* Resources */,
			);
			buildRules = (
			);
			dependencies = (
			);
			name = Nnttawye;
			productName = Nnttawye;
			productReference = CB139D67277291CB000FD249 /* Nnttawye.app */;
			productType = "com.apple.product-type.application";
		};
/* End PBXNativeTarget section */

/* Begin PBXProject section */
		CB139D5F277291CA000FD249 /* Project object */ = {
			isa = PBXProject;
			attributes = {
				BuildIndependentTargetsInParallel = 1;
				LastSwiftUpdateCheck = 1320;
				LastUpgradeCheck = 1320;
				TargetAttributes = {
					CB139D66277291CA000FD249 = {
						CreatedOnToolsVersion = 13.2.1;
					};
				};
			};
			buildConfigurationList = CB139D62277291CA000FD249 /* Build configuration list for PBXProject "Nnttawye" */;
			compatibilityVersion = "Xcode 13.0";
			developmentRegion = en;
			hasScannedForEncodings = 0;
			knownRegions = (
				en,
				Base,
			);
			mainGroup = CB139D5E277291CA000FD249;
			productRefGroup = CB139D68277291CB000FD249 /* Products */;
			projectDirPath = "";
			projectRoot = "";
			targets = (
				CB139D66277291CA000FD249 /* Nnttawye */,
			);
		};
/* End PBXProject section */

/* Begin PBXResourcesBuildPhase section */
		CB139D65277291CA000FD249 /* Resources */ = {
			isa = PBXResourcesBuildPhase;
			buildActionMask = 2147483647;
			files = (
				CB139D72277291CB000FD249 /* Preview Assets.xcassets in Resources */,
				CB139D6F277291CB000FD249 /* Assets.xcassets in Resources */,
			);
			runOnlyForDeploymentPostprocessing = 0;
		};
/* End PBXResourcesBuildPhase section */

/* Begin PBXSourcesBuildPhase section */
		CB139D63277291CA000FD249 /* Sources */ = {
			isa = PBXSourcesBuildPhase;
			buildActionMask = 2147483647;
			files = (
				CB139D9827762F9F000FD249 /* Restaurant+CoreDataClass.swift in Sources */,
				CB139D74277291CB000FD249 /* Persistence.swift in Sources */,
				CB139D9A27765B0E000FD249 /* ContentView.swift in Sources */,
				CB139D7E2772923D000FD249 /* ScannerView.swift in Sources */,
				CB139D9927762F9F000FD249 /* Restaurant+CoreDataProperties.swift in Sources */,
				CB139D9727762F9F000FD249 /* Food+CoreDataProperties.swift in Sources */,
				CB139D812773AA38000FD249 /* Model.swift in Sources */,
				CB139D9627762F9F000FD249 /* Food+CoreDataClass.swift in Sources */,
				CB139D6B277291CB000FD249 /* NnttawyeApp.swift in Sources */,
				CB139D77277291CB000FD249 /* Nnttawye.xcdatamodeld in Sources */,
				CB785D33278DF81000805482 /* Utils.swift in Sources */,
			);
			runOnlyForDeploymentPostprocessing = 0;
		};
/* End PBXSourcesBuildPhase section */

/* Begin XCBuildConfiguration section */
		CB139D78277291CB000FD249 /* Debug */ = {
			isa = XCBuildConfiguration;
			buildSettings = {
				ALWAYS_SEARCH_USER_PATHS = NO;
				CLANG_ANALYZER_NONNULL = YES;
				CLANG_ANALYZER_NUMBER_OBJECT_CONVERSION = YES_AGGRESSIVE;
				CLANG_CXX_LANGUAGE_STANDARD = "gnu++17";
				CLANG_CXX_LIBRARY = "libc++";
				CLANG_ENABLE_MODULES = YES;
				CLANG_ENABLE_OBJC_ARC = YES;
				CLANG_ENABLE_OBJC_WEAK = YES;
				CLANG_WARN_BLOCK_CAPTURE_AUTORELEASING = YES;
				CLANG_WARN_BOOL_CONVERSION = YES;
				CLANG_WARN_COMMA = YES;
				CLANG_WARN_CONSTANT_CONVERSION = YES;
				CLANG_WARN_DEPRECATED_OBJC_IMPLEMENTATIONS = YES;
				CLANG_WARN_DIRECT_OBJC_ISA_USAGE = YES_ERROR;
				CLANG_WARN_DOCUMENTATION_COMMENTS = YES;
				CLANG_WARN_EMPTY_BODY = YES;
				CLANG_WARN_ENUM_CONVERSION = YES;
				CLANG_WARN_INFINITE_RECURSION = YES;
				CLANG_WARN_INT_CONVERSION = YES;
				CLANG_WARN_NON_LITERAL_NULL_CONVERSION = YES;
				CLANG_WARN_OBJC_IMPLICIT_RETAIN_SELF = YES;
				CLANG_WARN_OBJC_LITERAL_CONVERSION = YES;
				CLANG_WARN_OBJC_ROOT_CLASS = YES_ERROR;
				CLANG_WARN_QUOTED_INCLUDE_IN_FRAMEWORK_HEADER = YES;
				CLANG_WARN_RANGE_LOOP_ANALYSIS = YES;
				CLANG_WARN_STRICT_PROTOTYPES = YES;
				CLANG_WARN_SUSPICIOUS_MOVE = YES;
				CLANG_WARN_UNGUARDED_AVAILABILITY = YES_AGGRESSIVE;
				CLANG_WARN_UNREACHABLE_CODE = YES;
				CLANG_WARN__DUPLICATE_METHOD_MATCH = YES;
				COPY_PHASE_STRIP = NO;
				DEBUG_INFORMATION_FORMAT = dwarf;
				ENABLE_STRICT_OBJC_MSGSEND = YES;
				ENABLE_TESTABILITY = YES;
				GCC_C_LANGUAGE_STANDARD = gnu11;
				GCC_DYNAMIC_NO_PIC = NO;
				GCC_NO_COMMON_BLOCKS = YES;
				GCC_OPTIMIZATION_LEVEL = 0;
				GCC_PREPROCESSOR_DEFINITIONS = (
					"DEBUG=1",
					"$(inherited)",
				);
				GCC_WARN_64_TO_32_BIT_CONVERSION = YES;
				GCC_WARN_ABOUT_RETURN_TYPE = YES_ERROR;
				GCC_WARN_UNDECLARED_SELECTOR = YES;
				GCC_WARN_UNINITIALIZED_AUTOS = YES_AGGRESSIVE;
				GCC_WARN_UNUSED_FUNCTION = YES;
				GCC_WARN_UNUSED_VARIABLE = YES;
				IPHONEOS_DEPLOYMENT_TARGET = 15.2;
				MTL_ENABLE_DEBUG_INFO = INCLUDE_SOURCE;
				MTL_FAST_MATH = YES;
				ONLY_ACTIVE_ARCH = YES;
				SDKROOT = iphoneos;
				SWIFT_ACTIVE_COMPILATION_CONDITIONS = DEBUG;
				SWIFT_OPTIMIZATION_LEVEL = "-Onone";
			};
			name = Debug;
		};
		CB139D79277291CB000FD249 /* Release */ = {
			isa = XCBuildConfiguration;
			buildSettings = {
				ALWAYS_SEARCH_USER_PATHS = NO;
				CLANG_ANALYZER_NONNULL = YES;
				CLANG_ANALYZER_NUMBER_OBJECT_CONVERSION = YES_AGGRESSIVE;
				CLANG_CXX_LANGUAGE_STANDARD = "gnu++17";
				CLANG_CXX_LIBRARY = "libc++";
				CLANG_ENABLE_MODULES = YES;
				CLANG_ENABLE_OBJC_ARC = YES;
				CLANG_ENABLE_OBJC_WEAK = YES;
				CLANG_WARN_BLOCK_CAPTURE_AUTORELEASING = YES;
				CLANG_WARN_BOOL_CONVERSION = YES;
				CLANG_WARN_COMMA = YES;
				CLANG_WARN_CONSTANT_CONVERSION = YES;
				CLANG_WARN_DEPRECATED_OBJC_IMPLEMENTATIONS = YES;
				CLANG_WARN_DIRECT_OBJC_ISA_USAGE = YES_ERROR;
				CLANG_WARN_DOCUMENTATION_COMMENTS = YES;
				CLANG_WARN_EMPTY_BODY = YES;
				CLANG_WARN_ENUM_CONVERSION = YES;
				CLANG_WARN_INFINITE_RECURSION = YES;
				CLANG_WARN_INT_CONVERSION = YES;
				CLANG_WARN_NON_LITERAL_NULL_CONVERSION = YES;
				CLANG_WARN_OBJC_IMPLICIT_RETAIN_SELF = YES;
				CLANG_WARN_OBJC_LITERAL_CONVERSION = YES;
				CLANG_WARN_OBJC_ROOT_CLASS = YES_ERROR;
				CLANG_WARN_QUOTED_INCLUDE_IN_FRAMEWORK_HEADER = YES;
				CLANG_WARN_RANGE_LOOP_ANALYSIS = YES;
				CLANG_WARN_STRICT_PROTOTYPES = YES;
				CLANG_WARN_SUSPICIOUS_MOVE = YES;
				CLANG_WARN_UNGUARDED_AVAILABILITY = YES_AGGRESSIVE;
				CLANG_WARN_UNREACHABLE_CODE = YES;
				CLANG_WARN__DUPLICATE_METHOD_MATCH = YES;
				COPY_PHASE_STRIP = NO;
				DEBUG_INFORMATION_FORMAT = "dwarf-with-dsym";
				ENABLE_NS_ASSERTIONS = NO;
				ENABLE_STRICT_OBJC_MSGSEND = YES;
				GCC_C_LANGUAGE_STANDARD = gnu11;
				GCC_NO_COMMON_BLOCKS = YES;
				GCC_WARN_64_TO_32_BIT_CONVERSION = YES;
				GCC_WARN_ABOUT_RETURN_TYPE = YES_ERROR;
				GCC_WARN_UNDECLARED_SELECTOR = YES;
				GCC_WARN_UNINITIALIZED_AUTOS = YES_AGGRESSIVE;
				GCC_WARN_UNUSED_FUNCTION = YES;
				GCC_WARN_UNUSED_VARIABLE = YES;
				IPHONEOS_DEPLOYMENT_TARGET = 15.2;
				MTL_ENABLE_DEBUG_INFO = NO;
				MTL_FAST_MATH = YES;
				SDKROOT = iphoneos;
				SWIFT_COMPILATION_MODE = wholemodule;
				SWIFT_OPTIMIZATION_LEVEL = "-O";
				VALIDATE_PRODUCT = YES;
			};
			name = Release;
		};
		CB139D7B277291CB000FD249 /* Debug */ = {
			isa = XCBuildConfiguration;
			buildSettings = {
				ASSETCATALOG_COMPILER_APPICON_NAME = AppIcon;
				ASSETCATALOG_COMPILER_GLOBAL_ACCENT_COLOR_NAME = AccentColor;
				CODE_SIGN_STYLE = Automatic;
				CURRENT_PROJECT_VERSION = 1;
				DEVELOPMENT_ASSET_PATHS = "\"Nnttawye/Preview Content\"";
				DEVELOPMENT_TEAM = F5U46GHZC6;
				ENABLE_PREVIEWS = YES;
				GENERATE_INFOPLIST_FILE = YES;
				INFOPLIST_FILE = Nnttawye/Info.plist;
				INFOPLIST_KEY_NSCameraUsageDescription = "Scan food labels";
				INFOPLIST_KEY_UIApplicationSceneManifest_Generation = YES;
				INFOPLIST_KEY_UIApplicationSupportsIndirectInputEvents = YES;
				INFOPLIST_KEY_UILaunchScreen_Generation = YES;
				INFOPLIST_KEY_UISupportedInterfaceOrientations_iPad = "UIInterfaceOrientationPortrait UIInterfaceOrientationPortraitUpsideDown UIInterfaceOrientationLandscapeLeft UIInterfaceOrientationLandscapeRight";
				INFOPLIST_KEY_UISupportedInterfaceOrientations_iPhone = "UIInterfaceOrientationPortrait UIInterfaceOrientationLandscapeLeft UIInterfaceOrientationLandscapeRight";
				IPHONEOS_DEPLOYMENT_TARGET = 15.1;
				LD_RUNPATH_SEARCH_PATHS = (
					"$(inherited)",
					"@executable_path/Frameworks",
				);
				MARKETING_VERSION = 1.0;
				PRODUCT_BUNDLE_IDENTIFIER = com.yl.Nnttawye;
				PRODUCT_NAME = "$(TARGET_NAME)";
				SWIFT_EMIT_LOC_STRINGS = YES;
				SWIFT_VERSION = 5.0;
				TARGETED_DEVICE_FAMILY = "1,2";
			};
			name = Debug;
		};
		CB139D7C277291CB000FD249 /* Release */ = {
			isa = XCBuildConfiguration;
			buildSettings = {
				ASSETCATALOG_COMPILER_APPICON_NAME = AppIcon;
				ASSETCATALOG_COMPILER_GLOBAL_ACCENT_COLOR_NAME = AccentColor;
				CODE_SIGN_STYLE = Automatic;
				CURRENT_PROJECT_VERSION = 1;
				DEVELOPMENT_ASSET_PATHS = "\"Nnttawye/Preview Content\"";
				DEVELOPMENT_TEAM = F5U46GHZC6;
				ENABLE_PREVIEWS = YES;
				GENERATE_INFOPLIST_FILE = YES;
				INFOPLIST_FILE = Nnttawye/Info.plist;
				INFOPLIST_KEY_NSCameraUsageDescription = "Scan food labels";
				INFOPLIST_KEY_UIApplicationSceneManifest_Generation = YES;
				INFOPLIST_KEY_UIApplicationSupportsIndirectInputEvents = YES;
				INFOPLIST_KEY_UILaunchScreen_Generation = YES;
				INFOPLIST_KEY_UISupportedInterfaceOrientations_iPad = "UIInterfaceOrientationPortrait UIInterfaceOrientationPortraitUpsideDown UIInterfaceOrientationLandscapeLeft UIInterfaceOrientationLandscapeRight";
				INFOPLIST_KEY_UISupportedInterfaceOrientations_iPhone = "UIInterfaceOrientationPortrait UIInterfaceOrientationLandscapeLeft UIInterfaceOrientationLandscapeRight";
				IPHONEOS_DEPLOYMENT_TARGET = 15.1;
				LD_RUNPATH_SEARCH_PATHS = (
					"$(inherited)",
					"@executable_path/Frameworks",
				);
				MARKETING_VERSION = 1.0;
				PRODUCT_BUNDLE_IDENTIFIER = com.yl.Nnttawye;
				PRODUCT_NAME = "$(TARGET_NAME)";
				SWIFT_EMIT_LOC_STRINGS = YES;
				SWIFT_VERSION = 5.0;
				TARGETED_DEVICE_FAMILY = "1,2";
			};
			name = Release;
		};
/* End XCBuildConfiguration section */

/* Begin XCConfigurationList section */
		CB139D62277291CA000FD249 /* Build configuration list for PBXProject "Nnttawye" */ = {
			isa = XCConfigurationList;
			buildConfigurations = (
				CB139D78277291CB000FD249 /* Debug */,
				CB139D79277291CB000FD249 /* Release */,
			);
			defaultConfigurationIsVisible = 0;
			defaultConfigurationName = Release;
		};
		CB139D7A277291CB000FD249 /* Build configuration list for PBXNativeTarget "Nnttawye" */ = {
			isa = XCConfigurationList;
			buildConfigurations = (
				CB139D7B277291CB000FD249 /* Debug */,
				CB139D7C277291CB000FD249 /* Release */,
			);
			defaultConfigurationIsVisible = 0;
			defaultConfigurationName = Release;
		};
/* End XCConfigurationList section */

/* Begin XCVersionGroup section */
		CB139D75277291CB000FD249 /* Nnttawye.xcdatamodeld */ = {
			isa = XCVersionGroup;
			children = (
				CB139D76277291CB000FD249 /* Nnttawye.xcdatamodel */,
			);
			currentVersion = CB139D76277291CB000FD249 /* Nnttawye.xcdatamodel */;
			path = Nnttawye.xcdatamodeld;
			sourceTree = "<group>";
			versionGroupType = wrapper.xcdatamodel;
		};
/* End XCVersionGroup section */
	};
	rootObject = CB139D5F277291CA000FD249 /* Project object */;
}
