// !$*UTF8*$!
{
	archiveVersion = 1;
	classes = {
	};
	objectVersion = 50;
	objects = {

/* Begin PBXBuildFile section */
		CBE3D98B26F6D0A400BF5DAD /* NnttawyeApp.swift in Sources */ = {isa = PBXBuildFile; fileRef = CBE3D98A26F6D0A400BF5DAD /* NnttawyeApp.swift */; };
		CBE3D98D26F6D0A400BF5DAD /* ContentView.swift in Sources */ = {isa = PBXBuildFile; fileRef = CBE3D98C26F6D0A400BF5DAD /* ContentView.swift */; };
		CBE3D98F26F6D0A800BF5DAD /* Assets.xcassets in Resources */ = {isa = PBXBuildFile; fileRef = CBE3D98E26F6D0A800BF5DAD /* Assets.xcassets */; };
		CBE3D99226F6D0A800BF5DAD /* Preview Assets.xcassets in Resources */ = {isa = PBXBuildFile; fileRef = CBE3D99126F6D0A800BF5DAD /* Preview Assets.xcassets */; };
		CBE3D99D26F6D0A900BF5DAD /* NnttawyeTests.swift in Sources */ = {isa = PBXBuildFile; fileRef = CBE3D99C26F6D0A900BF5DAD /* NnttawyeTests.swift */; };
		CBE3D9A826F6D0A900BF5DAD /* NnttawyeUITests.swift in Sources */ = {isa = PBXBuildFile; fileRef = CBE3D9A726F6D0A900BF5DAD /* NnttawyeUITests.swift */; };
		CBE4DE53270544F800271A53 /* Model.swift in Sources */ = {isa = PBXBuildFile; fileRef = CBE4DE52270544F700271A53 /* Model.swift */; };
/* End PBXBuildFile section */

/* Begin PBXContainerItemProxy section */
		CBE3D99926F6D0A900BF5DAD /* PBXContainerItemProxy */ = {
			isa = PBXContainerItemProxy;
			containerPortal = CBE3D97F26F6D0A400BF5DAD /* Project object */;
			proxyType = 1;
			remoteGlobalIDString = CBE3D98626F6D0A400BF5DAD;
			remoteInfo = Nnttawye;
		};
		CBE3D9A426F6D0A900BF5DAD /* PBXContainerItemProxy */ = {
			isa = PBXContainerItemProxy;
			containerPortal = CBE3D97F26F6D0A400BF5DAD /* Project object */;
			proxyType = 1;
			remoteGlobalIDString = CBE3D98626F6D0A400BF5DAD;
			remoteInfo = Nnttawye;
		};
/* End PBXContainerItemProxy section */

/* Begin PBXFileReference section */
		CBE3D98726F6D0A400BF5DAD /* Nnttawye.app */ = {isa = PBXFileReference; explicitFileType = wrapper.application; includeInIndex = 0; path = Nnttawye.app; sourceTree = BUILT_PRODUCTS_DIR; };
		CBE3D98A26F6D0A400BF5DAD /* NnttawyeApp.swift */ = {isa = PBXFileReference; lastKnownFileType = sourcecode.swift; path = NnttawyeApp.swift; sourceTree = "<group>"; };
		CBE3D98C26F6D0A400BF5DAD /* ContentView.swift */ = {isa = PBXFileReference; lastKnownFileType = sourcecode.swift; path = ContentView.swift; sourceTree = "<group>"; };
		CBE3D98E26F6D0A800BF5DAD /* Assets.xcassets */ = {isa = PBXFileReference; lastKnownFileType = folder.assetcatalog; path = Assets.xcassets; sourceTree = "<group>"; };
		CBE3D99126F6D0A800BF5DAD /* Preview Assets.xcassets */ = {isa = PBXFileReference; lastKnownFileType = folder.assetcatalog; path = "Preview Assets.xcassets"; sourceTree = "<group>"; };
		CBE3D99326F6D0A800BF5DAD /* Info.plist */ = {isa = PBXFileReference; lastKnownFileType = text.plist.xml; path = Info.plist; sourceTree = "<group>"; };
		CBE3D99826F6D0A900BF5DAD /* NnttawyeTests.xctest */ = {isa = PBXFileReference; explicitFileType = wrapper.cfbundle; includeInIndex = 0; path = NnttawyeTests.xctest; sourceTree = BUILT_PRODUCTS_DIR; };
		CBE3D99C26F6D0A900BF5DAD /* NnttawyeTests.swift */ = {isa = PBXFileReference; lastKnownFileType = sourcecode.swift; path = NnttawyeTests.swift; sourceTree = "<group>"; };
		CBE3D99E26F6D0A900BF5DAD /* Info.plist */ = {isa = PBXFileReference; lastKnownFileType = text.plist.xml; path = Info.plist; sourceTree = "<group>"; };
		CBE3D9A326F6D0A900BF5DAD /* NnttawyeUITests.xctest */ = {isa = PBXFileReference; explicitFileType = wrapper.cfbundle; includeInIndex = 0; path = NnttawyeUITests.xctest; sourceTree = BUILT_PRODUCTS_DIR; };
		CBE3D9A726F6D0A900BF5DAD /* NnttawyeUITests.swift */ = {isa = PBXFileReference; lastKnownFileType = sourcecode.swift; path = NnttawyeUITests.swift; sourceTree = "<group>"; };
		CBE3D9A926F6D0A900BF5DAD /* Info.plist */ = {isa = PBXFileReference; lastKnownFileType = text.plist.xml; path = Info.plist; sourceTree = "<group>"; };
		CBE4DE52270544F700271A53 /* Model.swift */ = {isa = PBXFileReference; lastKnownFileType = sourcecode.swift; path = Model.swift; sourceTree = "<group>"; };
/* End PBXFileReference section */

/* Begin PBXFrameworksBuildPhase section */
		CBE3D98426F6D0A400BF5DAD /* Frameworks */ = {
			isa = PBXFrameworksBuildPhase;
			buildActionMask = 2147483647;
			files = (
			);
			runOnlyForDeploymentPostprocessing = 0;
		};
		CBE3D99526F6D0A900BF5DAD /* Frameworks */ = {
			isa = PBXFrameworksBuildPhase;
			buildActionMask = 2147483647;
			files = (
			);
			runOnlyForDeploymentPostprocessing = 0;
		};
		CBE3D9A026F6D0A900BF5DAD /* Frameworks */ = {
			isa = PBXFrameworksBuildPhase;
			buildActionMask = 2147483647;
			files = (
			);
			runOnlyForDeploymentPostprocessing = 0;
		};
/* End PBXFrameworksBuildPhase section */

/* Begin PBXGroup section */
		CBE3D97E26F6D0A400BF5DAD = {
			isa = PBXGroup;
			children = (
				CBE3D98926F6D0A400BF5DAD /* Nnttawye */,
				CBE3D99B26F6D0A900BF5DAD /* NnttawyeTests */,
				CBE3D9A626F6D0A900BF5DAD /* NnttawyeUITests */,
				CBE3D98826F6D0A400BF5DAD /* Products */,
			);
			sourceTree = "<group>";
		};
		CBE3D98826F6D0A400BF5DAD /* Products */ = {
			isa = PBXGroup;
			children = (
				CBE3D98726F6D0A400BF5DAD /* Nnttawye.app */,
				CBE3D99826F6D0A900BF5DAD /* NnttawyeTests.xctest */,
				CBE3D9A326F6D0A900BF5DAD /* NnttawyeUITests.xctest */,
			);
			name = Products;
			sourceTree = "<group>";
		};
		CBE3D98926F6D0A400BF5DAD /* Nnttawye */ = {
			isa = PBXGroup;
			children = (
				CBE3D98A26F6D0A400BF5DAD /* NnttawyeApp.swift */,
				CBE4DE52270544F700271A53 /* Model.swift */,
				CBE3D98C26F6D0A400BF5DAD /* ContentView.swift */,
				CBE3D98E26F6D0A800BF5DAD /* Assets.xcassets */,
				CBE3D99326F6D0A800BF5DAD /* Info.plist */,
				CBE3D99026F6D0A800BF5DAD /* Preview Content */,
			);
			path = Nnttawye;
			sourceTree = "<group>";
		};
		CBE3D99026F6D0A800BF5DAD /* Preview Content */ = {
			isa = PBXGroup;
			children = (
				CBE3D99126F6D0A800BF5DAD /* Preview Assets.xcassets */,
			);
			path = "Preview Content";
			sourceTree = "<group>";
		};
		CBE3D99B26F6D0A900BF5DAD /* NnttawyeTests */ = {
			isa = PBXGroup;
			children = (
				CBE3D99C26F6D0A900BF5DAD /* NnttawyeTests.swift */,
				CBE3D99E26F6D0A900BF5DAD /* Info.plist */,
			);
			path = NnttawyeTests;
			sourceTree = "<group>";
		};
		CBE3D9A626F6D0A900BF5DAD /* NnttawyeUITests */ = {
			isa = PBXGroup;
			children = (
				CBE3D9A726F6D0A900BF5DAD /* NnttawyeUITests.swift */,
				CBE3D9A926F6D0A900BF5DAD /* Info.plist */,
			);
			path = NnttawyeUITests;
			sourceTree = "<group>";
		};
/* End PBXGroup section */

/* Begin PBXNativeTarget section */
		CBE3D98626F6D0A400BF5DAD /* Nnttawye */ = {
			isa = PBXNativeTarget;
			buildConfigurationList = CBE3D9AC26F6D0A900BF5DAD /* Build configuration list for PBXNativeTarget "Nnttawye" */;
			buildPhases = (
				CBE3D98326F6D0A400BF5DAD /* Sources */,
				CBE3D98426F6D0A400BF5DAD /* Frameworks */,
				CBE3D98526F6D0A400BF5DAD /* Resources */,
			);
			buildRules = (
			);
			dependencies = (
			);
			name = Nnttawye;
			productName = Nnttawye;
			productReference = CBE3D98726F6D0A400BF5DAD /* Nnttawye.app */;
			productType = "com.apple.product-type.application";
		};
		CBE3D99726F6D0A900BF5DAD /* NnttawyeTests */ = {
			isa = PBXNativeTarget;
			buildConfigurationList = CBE3D9AF26F6D0A900BF5DAD /* Build configuration list for PBXNativeTarget "NnttawyeTests" */;
			buildPhases = (
				CBE3D99426F6D0A900BF5DAD /* Sources */,
				CBE3D99526F6D0A900BF5DAD /* Frameworks */,
				CBE3D99626F6D0A900BF5DAD /* Resources */,
			);
			buildRules = (
			);
			dependencies = (
				CBE3D99A26F6D0A900BF5DAD /* PBXTargetDependency */,
			);
			name = NnttawyeTests;
			productName = NnttawyeTests;
			productReference = CBE3D99826F6D0A900BF5DAD /* NnttawyeTests.xctest */;
			productType = "com.apple.product-type.bundle.unit-test";
		};
		CBE3D9A226F6D0A900BF5DAD /* NnttawyeUITests */ = {
			isa = PBXNativeTarget;
			buildConfigurationList = CBE3D9B226F6D0A900BF5DAD /* Build configuration list for PBXNativeTarget "NnttawyeUITests" */;
			buildPhases = (
				CBE3D99F26F6D0A900BF5DAD /* Sources */,
				CBE3D9A026F6D0A900BF5DAD /* Frameworks */,
				CBE3D9A126F6D0A900BF5DAD /* Resources */,
			);
			buildRules = (
			);
			dependencies = (
				CBE3D9A526F6D0A900BF5DAD /* PBXTargetDependency */,
			);
			name = NnttawyeUITests;
			productName = NnttawyeUITests;
			productReference = CBE3D9A326F6D0A900BF5DAD /* NnttawyeUITests.xctest */;
			productType = "com.apple.product-type.bundle.ui-testing";
		};
/* End PBXNativeTarget section */

/* Begin PBXProject section */
		CBE3D97F26F6D0A400BF5DAD /* Project object */ = {
			isa = PBXProject;
			attributes = {
				LastSwiftUpdateCheck = 1250;
				LastUpgradeCheck = 1250;
				TargetAttributes = {
					CBE3D98626F6D0A400BF5DAD = {
						CreatedOnToolsVersion = 12.5.1;
					};
					CBE3D99726F6D0A900BF5DAD = {
						CreatedOnToolsVersion = 12.5.1;
						TestTargetID = CBE3D98626F6D0A400BF5DAD;
					};
					CBE3D9A226F6D0A900BF5DAD = {
						CreatedOnToolsVersion = 12.5.1;
						TestTargetID = CBE3D98626F6D0A400BF5DAD;
					};
				};
			};
			buildConfigurationList = CBE3D98226F6D0A400BF5DAD /* Build configuration list for PBXProject "Nnttawye" */;
			compatibilityVersion = "Xcode 9.3";
			developmentRegion = en;
			hasScannedForEncodings = 0;
			knownRegions = (
				en,
				Base,
			);
			mainGroup = CBE3D97E26F6D0A400BF5DAD;
			productRefGroup = CBE3D98826F6D0A400BF5DAD /* Products */;
			projectDirPath = "";
			projectRoot = "";
			targets = (
				CBE3D98626F6D0A400BF5DAD /* Nnttawye */,
				CBE3D99726F6D0A900BF5DAD /* NnttawyeTests */,
				CBE3D9A226F6D0A900BF5DAD /* NnttawyeUITests */,
			);
		};
/* End PBXProject section */

/* Begin PBXResourcesBuildPhase section */
		CBE3D98526F6D0A400BF5DAD /* Resources */ = {
			isa = PBXResourcesBuildPhase;
			buildActionMask = 2147483647;
			files = (
				CBE3D99226F6D0A800BF5DAD /* Preview Assets.xcassets in Resources */,
				CBE3D98F26F6D0A800BF5DAD /* Assets.xcassets in Resources */,
			);
			runOnlyForDeploymentPostprocessing = 0;
		};
		CBE3D99626F6D0A900BF5DAD /* Resources */ = {
			isa = PBXResourcesBuildPhase;
			buildActionMask = 2147483647;
			files = (
			);
			runOnlyForDeploymentPostprocessing = 0;
		};
		CBE3D9A126F6D0A900BF5DAD /* Resources */ = {
			isa = PBXResourcesBuildPhase;
			buildActionMask = 2147483647;
			files = (
			);
			runOnlyForDeploymentPostprocessing = 0;
		};
/* End PBXResourcesBuildPhase section */

/* Begin PBXSourcesBuildPhase section */
		CBE3D98326F6D0A400BF5DAD /* Sources */ = {
			isa = PBXSourcesBuildPhase;
			buildActionMask = 2147483647;
			files = (
				CBE4DE53270544F800271A53 /* Model.swift in Sources */,
				CBE3D98D26F6D0A400BF5DAD /* ContentView.swift in Sources */,
				CBE3D98B26F6D0A400BF5DAD /* NnttawyeApp.swift in Sources */,
			);
			runOnlyForDeploymentPostprocessing = 0;
		};
		CBE3D99426F6D0A900BF5DAD /* Sources */ = {
			isa = PBXSourcesBuildPhase;
			buildActionMask = 2147483647;
			files = (
				CBE3D99D26F6D0A900BF5DAD /* NnttawyeTests.swift in Sources */,
			);
			runOnlyForDeploymentPostprocessing = 0;
		};
		CBE3D99F26F6D0A900BF5DAD /* Sources */ = {
			isa = PBXSourcesBuildPhase;
			buildActionMask = 2147483647;
			files = (
				CBE3D9A826F6D0A900BF5DAD /* NnttawyeUITests.swift in Sources */,
			);
			runOnlyForDeploymentPostprocessing = 0;
		};
/* End PBXSourcesBuildPhase section */

/* Begin PBXTargetDependency section */
		CBE3D99A26F6D0A900BF5DAD /* PBXTargetDependency */ = {
			isa = PBXTargetDependency;
			target = CBE3D98626F6D0A400BF5DAD /* Nnttawye */;
			targetProxy = CBE3D99926F6D0A900BF5DAD /* PBXContainerItemProxy */;
		};
		CBE3D9A526F6D0A900BF5DAD /* PBXTargetDependency */ = {
			isa = PBXTargetDependency;
			target = CBE3D98626F6D0A400BF5DAD /* Nnttawye */;
			targetProxy = CBE3D9A426F6D0A900BF5DAD /* PBXContainerItemProxy */;
		};
/* End PBXTargetDependency section */

/* Begin XCBuildConfiguration section */
		CBE3D9AA26F6D0A900BF5DAD /* Debug */ = {
			isa = XCBuildConfiguration;
			buildSettings = {
				ALWAYS_SEARCH_USER_PATHS = NO;
				CLANG_ANALYZER_NONNULL = YES;
				CLANG_ANALYZER_NUMBER_OBJECT_CONVERSION = YES_AGGRESSIVE;
				CLANG_CXX_LANGUAGE_STANDARD = "gnu++14";
				CLANG_CXX_LIBRARY = "libc++";
				CLANG_ENABLE_MODULES = YES;
				CLANG_ENABLE_OBJC_ARC = YES;
				CLANG_ENABLE_OBJC_WEAK = YES;
				CLANG_WARN_BLOCK_CAPTURE_AUTORELEASING = YES;
				CLANG_WARN_BOOL_CONVERSION = YES;
				CLANG_WARN_COMMA = YES;
				CLANG_WARN_CONSTANT_CONVERSION = YES;
				CLANG_WARN_DEPRECATED_OBJC_IMPLEMENTATIONS = YES;
				CLANG_WARN_DIRECT_OBJC_ISA_USAGE = YES_ERROR;
				CLANG_WARN_DOCUMENTATION_COMMENTS = YES;
				CLANG_WARN_EMPTY_BODY = YES;
				CLANG_WARN_ENUM_CONVERSION = YES;
				CLANG_WARN_INFINITE_RECURSION = YES;
				CLANG_WARN_INT_CONVERSION = YES;
				CLANG_WARN_NON_LITERAL_NULL_CONVERSION = YES;
				CLANG_WARN_OBJC_IMPLICIT_RETAIN_SELF = YES;
				CLANG_WARN_OBJC_LITERAL_CONVERSION = YES;
				CLANG_WARN_OBJC_ROOT_CLASS = YES_ERROR;
				CLANG_WARN_QUOTED_INCLUDE_IN_FRAMEWORK_HEADER = YES;
				CLANG_WARN_RANGE_LOOP_ANALYSIS = YES;
				CLANG_WARN_STRICT_PROTOTYPES = YES;
				CLANG_WARN_SUSPICIOUS_MOVE = YES;
				CLANG_WARN_UNGUARDED_AVAILABILITY = YES_AGGRESSIVE;
				CLANG_WARN_UNREACHABLE_CODE = YES;
				CLANG_WARN__DUPLICATE_METHOD_MATCH = YES;
				COPY_PHASE_STRIP = NO;
				DEBUG_INFORMATION_FORMAT = dwarf;
				ENABLE_STRICT_OBJC_MSGSEND = YES;
				ENABLE_TESTABILITY = YES;
				GCC_C_LANGUAGE_STANDARD = gnu11;
				GCC_DYNAMIC_NO_PIC = NO;
				GCC_NO_COMMON_BLOCKS = YES;
				GCC_OPTIMIZATION_LEVEL = 0;
				GCC_PREPROCESSOR_DEFINITIONS = (
					"DEBUG=1",
					"$(inherited)",
				);
				GCC_WARN_64_TO_32_BIT_CONVERSION = YES;
				GCC_WARN_ABOUT_RETURN_TYPE = YES_ERROR;
				GCC_WARN_UNDECLARED_SELECTOR = YES;
				GCC_WARN_UNINITIALIZED_AUTOS = YES_AGGRESSIVE;
				GCC_WARN_UNUSED_FUNCTION = YES;
				GCC_WARN_UNUSED_VARIABLE = YES;
				IPHONEOS_DEPLOYMENT_TARGET = 14.5;
				MTL_ENABLE_DEBUG_INFO = INCLUDE_SOURCE;
				MTL_FAST_MATH = YES;
				ONLY_ACTIVE_ARCH = YES;
				SDKROOT = iphoneos;
				SWIFT_ACTIVE_COMPILATION_CONDITIONS = DEBUG;
				SWIFT_OPTIMIZATION_LEVEL = "-Onone";
			};
			name = Debug;
		};
		CBE3D9AB26F6D0A900BF5DAD /* Release */ = {
			isa = XCBuildConfiguration;
			buildSettings = {
				ALWAYS_SEARCH_USER_PATHS = NO;
				CLANG_ANALYZER_NONNULL = YES;
				CLANG_ANALYZER_NUMBER_OBJECT_CONVERSION = YES_AGGRESSIVE;
				CLANG_CXX_LANGUAGE_STANDARD = "gnu++14";
				CLANG_CXX_LIBRARY = "libc++";
				CLANG_ENABLE_MODULES = YES;
				CLANG_ENABLE_OBJC_ARC = YES;
				CLANG_ENABLE_OBJC_WEAK = YES;
				CLANG_WARN_BLOCK_CAPTURE_AUTORELEASING = YES;
				CLANG_WARN_BOOL_CONVERSION = YES;
				CLANG_WARN_COMMA = YES;
				CLANG_WARN_CONSTANT_CONVERSION = YES;
				CLANG_WARN_DEPRECATED_OBJC_IMPLEMENTATIONS = YES;
				CLANG_WARN_DIRECT_OBJC_ISA_USAGE = YES_ERROR;
				CLANG_WARN_DOCUMENTATION_COMMENTS = YES;
				CLANG_WARN_EMPTY_BODY = YES;
				CLANG_WARN_ENUM_CONVERSION = YES;
				CLANG_WARN_INFINITE_RECURSION = YES;
				CLANG_WARN_INT_CONVERSION = YES;
				CLANG_WARN_NON_LITERAL_NULL_CONVERSION = YES;
				CLANG_WARN_OBJC_IMPLICIT_RETAIN_SELF = YES;
				CLANG_WARN_OBJC_LITERAL_CONVERSION = YES;
				CLANG_WARN_OBJC_ROOT_CLASS = YES_ERROR;
				CLANG_WARN_QUOTED_INCLUDE_IN_FRAMEWORK_HEADER = YES;
				CLANG_WARN_RANGE_LOOP_ANALYSIS = YES;
				CLANG_WARN_STRICT_PROTOTYPES = YES;
				CLANG_WARN_SUSPICIOUS_MOVE = YES;
				CLANG_WARN_UNGUARDED_AVAILABILITY = YES_AGGRESSIVE;
				CLANG_WARN_UNREACHABLE_CODE = YES;
				CLANG_WARN__DUPLICATE_METHOD_MATCH = YES;
				COPY_PHASE_STRIP = NO;
				DEBUG_INFORMATION_FORMAT = "dwarf-with-dsym";
				ENABLE_NS_ASSERTIONS = NO;
				ENABLE_STRICT_OBJC_MSGSEND = YES;
				GCC_C_LANGUAGE_STANDARD = gnu11;
				GCC_NO_COMMON_BLOCKS = YES;
				GCC_WARN_64_TO_32_BIT_CONVERSION = YES;
				GCC_WARN_ABOUT_RETURN_TYPE = YES_ERROR;
				GCC_WARN_UNDECLARED_SELECTOR = YES;
				GCC_WARN_UNINITIALIZED_AUTOS = YES_AGGRESSIVE;
				GCC_WARN_UNUSED_FUNCTION = YES;
				GCC_WARN_UNUSED_VARIABLE = YES;
				IPHONEOS_DEPLOYMENT_TARGET = 14.5;
				MTL_ENABLE_DEBUG_INFO = NO;
				MTL_FAST_MATH = YES;
				SDKROOT = iphoneos;
				SWIFT_COMPILATION_MODE = wholemodule;
				SWIFT_OPTIMIZATION_LEVEL = "-O";
				VALIDATE_PRODUCT = YES;
			};
			name = Release;
		};
		CBE3D9AD26F6D0A900BF5DAD /* Debug */ = {
			isa = XCBuildConfiguration;
			buildSettings = {
				ASSETCATALOG_COMPILER_APPICON_NAME = AppIcon;
				ASSETCATALOG_COMPILER_GLOBAL_ACCENT_COLOR_NAME = AccentColor;
				CODE_SIGN_STYLE = Automatic;
				DEVELOPMENT_ASSET_PATHS = "\"Nnttawye/Preview Content\"";
				DEVELOPMENT_TEAM = F5U46GHZC6;
				ENABLE_PREVIEWS = YES;
				INFOPLIST_FILE = Nnttawye/Info.plist;
				IPHONEOS_DEPLOYMENT_TARGET = 14.0;
				LD_RUNPATH_SEARCH_PATHS = (
					"$(inherited)",
					"@executable_path/Frameworks",
				);
				PRODUCT_BUNDLE_IDENTIFIER = "Yizhou-Li.Nnttawye";
				PRODUCT_NAME = "$(TARGET_NAME)";
				SWIFT_VERSION = 5.0;
				TARGETED_DEVICE_FAMILY = "1,2";
			};
			name = Debug;
		};
		CBE3D9AE26F6D0A900BF5DAD /* Release */ = {
			isa = XCBuildConfiguration;
			buildSettings = {
				ASSETCATALOG_COMPILER_APPICON_NAME = AppIcon;
				ASSETCATALOG_COMPILER_GLOBAL_ACCENT_COLOR_NAME = AccentColor;
				CODE_SIGN_STYLE = Automatic;
				DEVELOPMENT_ASSET_PATHS = "\"Nnttawye/Preview Content\"";
				DEVELOPMENT_TEAM = F5U46GHZC6;
				ENABLE_PREVIEWS = YES;
				INFOPLIST_FILE = Nnttawye/Info.plist;
				IPHONEOS_DEPLOYMENT_TARGET = 14.0;
				LD_RUNPATH_SEARCH_PATHS = (
					"$(inherited)",
					"@executable_path/Frameworks",
				);
				PRODUCT_BUNDLE_IDENTIFIER = "Yizhou-Li.Nnttawye";
				PRODUCT_NAME = "$(TARGET_NAME)";
				SWIFT_VERSION = 5.0;
				TARGETED_DEVICE_FAMILY = "1,2";
			};
			name = Release;
		};
		CBE3D9B026F6D0A900BF5DAD /* Debug */ = {
			isa = XCBuildConfiguration;
			buildSettings = {
				ALWAYS_EMBED_SWIFT_STANDARD_LIBRARIES = YES;
				BUNDLE_LOADER = "$(TEST_HOST)";
				CODE_SIGN_STYLE = Automatic;
				DEVELOPMENT_TEAM = F5U46GHZC6;
				INFOPLIST_FILE = NnttawyeTests/Info.plist;
				IPHONEOS_DEPLOYMENT_TARGET = 14.0;
				LD_RUNPATH_SEARCH_PATHS = (
					"$(inherited)",
					"@executable_path/Frameworks",
					"@loader_path/Frameworks",
				);
				PRODUCT_BUNDLE_IDENTIFIER = "Yizhou-Li.NnttawyeTests";
				PRODUCT_NAME = "$(TARGET_NAME)";
				SWIFT_VERSION = 5.0;
				TARGETED_DEVICE_FAMILY = "1,2";
				TEST_HOST = "$(BUILT_PRODUCTS_DIR)/Nnttawye.app/Nnttawye";
			};
			name = Debug;
		};
		CBE3D9B126F6D0A900BF5DAD /* Release */ = {
			isa = XCBuildConfiguration;
			buildSettings = {
				ALWAYS_EMBED_SWIFT_STANDARD_LIBRARIES = YES;
				BUNDLE_LOADER = "$(TEST_HOST)";
				CODE_SIGN_STYLE = Automatic;
				DEVELOPMENT_TEAM = F5U46GHZC6;
				INFOPLIST_FILE = NnttawyeTests/Info.plist;
				IPHONEOS_DEPLOYMENT_TARGET = 14.0;
				LD_RUNPATH_SEARCH_PATHS = (
					"$(inherited)",
					"@executable_path/Frameworks",
					"@loader_path/Frameworks",
				);
				PRODUCT_BUNDLE_IDENTIFIER = "Yizhou-Li.NnttawyeTests";
				PRODUCT_NAME = "$(TARGET_NAME)";
				SWIFT_VERSION = 5.0;
				TARGETED_DEVICE_FAMILY = "1,2";
				TEST_HOST = "$(BUILT_PRODUCTS_DIR)/Nnttawye.app/Nnttawye";
			};
			name = Release;
		};
		CBE3D9B326F6D0A900BF5DAD /* Debug */ = {
			isa = XCBuildConfiguration;
			buildSettings = {
				ALWAYS_EMBED_SWIFT_STANDARD_LIBRARIES = YES;
				CODE_SIGN_STYLE = Automatic;
				DEVELOPMENT_TEAM = F5U46GHZC6;
				INFOPLIST_FILE = NnttawyeUITests/Info.plist;
				LD_RUNPATH_SEARCH_PATHS = (
					"$(inherited)",
					"@executable_path/Frameworks",
					"@loader_path/Frameworks",
				);
				PRODUCT_BUNDLE_IDENTIFIER = "Yizhou-Li.NnttawyeUITests";
				PRODUCT_NAME = "$(TARGET_NAME)";
				SWIFT_VERSION = 5.0;
				TARGETED_DEVICE_FAMILY = "1,2";
				TEST_TARGET_NAME = Nnttawye;
			};
			name = Debug;
		};
		CBE3D9B426F6D0A900BF5DAD /* Release */ = {
			isa = XCBuildConfiguration;
			buildSettings = {
				ALWAYS_EMBED_SWIFT_STANDARD_LIBRARIES = YES;
				CODE_SIGN_STYLE = Automatic;
				DEVELOPMENT_TEAM = F5U46GHZC6;
				INFOPLIST_FILE = NnttawyeUITests/Info.plist;
				LD_RUNPATH_SEARCH_PATHS = (
					"$(inherited)",
					"@executable_path/Frameworks",
					"@loader_path/Frameworks",
				);
				PRODUCT_BUNDLE_IDENTIFIER = "Yizhou-Li.NnttawyeUITests";
				PRODUCT_NAME = "$(TARGET_NAME)";
				SWIFT_VERSION = 5.0;
				TARGETED_DEVICE_FAMILY = "1,2";
				TEST_TARGET_NAME = Nnttawye;
			};
			name = Release;
		};
/* End XCBuildConfiguration section */

/* Begin XCConfigurationList section */
		CBE3D98226F6D0A400BF5DAD /* Build configuration list for PBXProject "Nnttawye" */ = {
			isa = XCConfigurationList;
			buildConfigurations = (
				CBE3D9AA26F6D0A900BF5DAD /* Debug */,
				CBE3D9AB26F6D0A900BF5DAD /* Release */,
			);
			defaultConfigurationIsVisible = 0;
			defaultConfigurationName = Release;
		};
		CBE3D9AC26F6D0A900BF5DAD /* Build configuration list for PBXNativeTarget "Nnttawye" */ = {
			isa = XCConfigurationList;
			buildConfigurations = (
				CBE3D9AD26F6D0A900BF5DAD /* Debug */,
				CBE3D9AE26F6D0A900BF5DAD /* Release */,
			);
			defaultConfigurationIsVisible = 0;
			defaultConfigurationName = Release;
		};
		CBE3D9AF26F6D0A900BF5DAD /* Build configuration list for PBXNativeTarget "NnttawyeTests" */ = {
			isa = XCConfigurationList;
			buildConfigurations = (
				CBE3D9B026F6D0A900BF5DAD /* Debug */,
				CBE3D9B126F6D0A900BF5DAD /* Release */,
			);
			defaultConfigurationIsVisible = 0;
			defaultConfigurationName = Release;
		};
		CBE3D9B226F6D0A900BF5DAD /* Build configuration list for PBXNativeTarget "NnttawyeUITests" */ = {
			isa = XCConfigurationList;
			buildConfigurations = (
				CBE3D9B326F6D0A900BF5DAD /* Debug */,
				CBE3D9B426F6D0A900BF5DAD /* Release */,
			);
			defaultConfigurationIsVisible = 0;
			defaultConfigurationName = Release;
		};
/* End XCConfigurationList section */
	};
	rootObject = CBE3D97F26F6D0A400BF5DAD /* Project object */;
}
